
Microsoft Visual Studio Solution File, Format Version 12.00
# Visual Studio Version 17
VisualStudioVersion = 17.14.36705.20 d17.14
MinimumVisualStudioVersion = 10.0.40219.1
Project("{FAE04EC0-301F-11D3-BF4B-00C04F79EFBC}") = "LiquidDocsSite", "LiquidDocsSite.csproj", "{36B58559-71CB-C308-19A9-DAF97C70D9B6}"
EndProject
Project("{FAE04EC0-301F-11D3-BF4B-00C04F79EFBC}") = "LiquidDocsData", "..\LiquidDocsData\LiquidDocsData.csproj", "{EACEF330-786F-4A50-2D55-9A5FAD65F68B}"
EndProject
Global
	GlobalSection(SolutionConfigurationPlatforms) = preSolution
		Debug|Any CPU = Debug|Any CPU
		Release|Any CPU = Release|Any CPU
	EndGlobalSection
	GlobalSection(ProjectConfigurationPlatforms) = postSolution
		{36B58559-71CB-C308-19A9-DAF97C70D9B6}.Debug|Any CPU.ActiveCfg = Debug|Any CPU
		{36B58559-71CB-C308-19A9-DAF97C70D9B6}.Debug|Any CPU.Build.0 = Debug|Any CPU
		{36B58559-71CB-C308-19A9-DAF97C70D9B6}.Release|Any CPU.ActiveCfg = Release|Any CPU
		{36B58559-71CB-C308-19A9-DAF97C70D9B6}.Release|Any CPU.Build.0 = Release|Any CPU
		{EACEF330-786F-4A50-2D55-9A5FAD65F68B}.Debug|Any CPU.ActiveCfg = Debug|Any CPU
		{EACEF330-786F-4A50-2D55-9A5FAD65F68B}.Debug|Any CPU.Build.0 = Debug|Any CPU
		{EACEF330-786F-4A50-2D55-9A5FAD65F68B}.Release|Any CPU.ActiveCfg = Release|Any CPU
		{EACEF330-786F-4A50-2D55-9A5FAD65F68B}.Release|Any CPU.Build.0 = Release|Any CPU
	EndGlobalSection
	GlobalSection(SolutionProperties) = preSolution
		HideSolutionNode = FALSE
	EndGlobalSection
	GlobalSection(ExtensibilityGlobals) = postSolution
		SolutionGuid = {3E3E3D51-210A-456B-8E90-0C768D375321}
	EndGlobalSection
EndGlobal
